dependencies:
- name: ltb-passwd
  repository: ""
  version: 0.1.x
- name: phpldapadmin
  repository: ""
  version: 0.1.x
- name: common
  repository: https://charts.bitnami.com/bitnami
  version: 2.24.0
digest: sha256:c873e5e329fd59320738292dff0a810bc8c2167f6b272360e9c81603de4207a2
generated: "2024-10-04T11:47:35.469538342+03:00"
